// !$*UTF8*$!
{
	archiveVersion = 1;
	classes = {
	};
	objectVersion = 55;
	objects = {

/* Begin PBXBuildFile section */
		1B22207F2837730D00513CB3 /* H4ckerNewsApp.swift in Sources */ = {isa = PBXBuildFile; fileRef = 1B22207E2837730D00513CB3 /* H4ckerNewsApp.swift */; };
		1B2220812837730D00513CB3 /* ContentView.swift in Sources */ = {isa = PBXBuildFile; fileRef = 1B2220802837730D00513CB3 /* ContentView.swift */; };
		1B2220832837730E00513CB3 /* Assets.xcassets in Resources */ = {isa = PBXBuildFile; fileRef = 1B2220822837730E00513CB3 /* Assets.xcassets */; };
		1B2220862837730E00513CB3 /* Preview Assets.xcassets in Resources */ = {isa = PBXBuildFile; fileRef = 1B2220852837730E00513CB3 /* Preview Assets.xcassets */; };
		1B2220882837730E00513CB3 /* Persistence.swift in Sources */ = {isa = PBXBuildFile; fileRef = 1B2220872837730E00513CB3 /* Persistence.swift */; };
		1B22208B2837730E00513CB3 /* H4ckerNews.xcdatamodeld in Sources */ = {isa = PBXBuildFile; fileRef = 1B2220892837730E00513CB3 /* H4ckerNews.xcdatamodeld */; };
		1B2220952837730E00513CB3 /* H4ckerNewsTests.swift in Sources */ = {isa = PBXBuildFile; fileRef = 1B2220942837730E00513CB3 /* H4ckerNewsTests.swift */; };
		1B22209F2837730E00513CB3 /* H4ckerNewsUITests.swift in Sources */ = {isa = PBXBuildFile; fileRef = 1B22209E2837730E00513CB3 /* H4ckerNewsUITests.swift */; };
		1B2220A12837730E00513CB3 /* H4ckerNewsUITestsLaunchTests.swift in Sources */ = {isa = PBXBuildFile; fileRef = 1B2220A02837730E00513CB3 /* H4ckerNewsUITestsLaunchTests.swift */; };
		1B2220AF283776B800513CB3 /* Network Manager.swift in Sources */ = {isa = PBXBuildFile; fileRef = 1B2220AE283776B800513CB3 /* Network Manager.swift */; };
		1B2220B1283785B100513CB3 /* postData.swift in Sources */ = {isa = PBXBuildFile; fileRef = 1B2220B0283785B100513CB3 /* postData.swift */; };
		1B2220B42837A79600513CB3 /* DetailView.swift in Sources */ = {isa = PBXBuildFile; fileRef = 1B2220B32837A79600513CB3 /* DetailView.swift */; };
		1B2220B62837AD6D00513CB3 /* webView.swift in Sources */ = {isa = PBXBuildFile; fileRef = 1B2220B52837AD6D00513CB3 /* webView.swift */; };
/* End PBXBuildFile section */

/* Begin PBXContainerItemProxy section */
		1B2220912837730E00513CB3 /* PBXContainerItemProxy */ = {
			isa = PBXContainerItemProxy;
			containerPortal = 1B2220732837730D00513CB3 /* Project object */;
			proxyType = 1;
			remoteGlobalIDString = 1B22207A2837730D00513CB3;
			remoteInfo = H4ckerNews;
		};
		1B22209B2837730E00513CB3 /* PBXContainerItemProxy */ = {
			isa = PBXContainerItemProxy;
			containerPortal = 1B2220732837730D00513CB3 /* Project object */;
			proxyType = 1;
			remoteGlobalIDString = 1B22207A2837730D00513CB3;
			remoteInfo = H4ckerNews;
		};
/* End PBXContainerItemProxy section */

/* Begin PBXFileReference section */
		1B22207B2837730D00513CB3 /* H4ckerNews.app */ = {isa = PBXFileReference; explicitFileType = wrapper.application; includeInIndex = 0; path = H4ckerNews.app; sourceTree = BUILT_PRODUCTS_DIR; };
		1B22207E2837730D00513CB3 /* H4ckerNewsApp.swift */ = {isa = PBXFileReference; lastKnownFileType = sourcecode.swift; path = H4ckerNewsApp.swift; sourceTree = "<group>"; };
		1B2220802837730D00513CB3 /* ContentView.swift */ = {isa = PBXFileReference; lastKnownFileType = sourcecode.swift; path = ContentView.swift; sourceTree = "<group>"; };
		1B2220822837730E00513CB3 /* Assets.xcassets */ = {isa = PBXFileReference; lastKnownFileType = folder.assetcatalog; path = Assets.xcassets; sourceTree = "<group>"; };
		1B2220852837730E00513CB3 /* Preview Assets.xcassets */ = {isa = PBXFileReference; lastKnownFileType = folder.assetcatalog; path = "Preview Assets.xcassets"; sourceTree = "<group>"; };
		1B2220872837730E00513CB3 /* Persistence.swift */ = {isa = PBXFileReference; lastKnownFileType = sourcecode.swift; path = Persistence.swift; sourceTree = "<group>"; };
		1B22208A2837730E00513CB3 /* H4ckerNews.xcdatamodel */ = {isa = PBXFileReference; lastKnownFileType = wrapper.xcdatamodel; path = H4ckerNews.xcdatamodel; sourceTree = "<group>"; };
		1B2220902837730E00513CB3 /* H4ckerNewsTests.xctest */ = {isa = PBXFileReference; explicitFileType = wrapper.cfbundle; includeInIndex = 0; path = H4ckerNewsTests.xctest; sourceTree = BUILT_PRODUCTS_DIR; };
		1B2220942837730E00513CB3 /* H4ckerNewsTests.swift */ = {isa = PBXFileReference; lastKnownFileType = sourcecode.swift; path = H4ckerNewsTests.swift; sourceTree = "<group>"; };
		1B22209A2837730E00513CB3 /* H4ckerNewsUITests.xctest */ = {isa = PBXFileReference; explicitFileType = wrapper.cfbundle; includeInIndex = 0; path = H4ckerNewsUITests.xctest; sourceTree = BUILT_PRODUCTS_DIR; };
		1B22209E2837730E00513CB3 /* H4ckerNewsUITests.swift */ = {isa = PBXFileReference; lastKnownFileType = sourcecode.swift; path = H4ckerNewsUITests.swift; sourceTree = "<group>"; };
		1B2220A02837730E00513CB3 /* H4ckerNewsUITestsLaunchTests.swift */ = {isa = PBXFileReference; lastKnownFileType = sourcecode.swift; path = H4ckerNewsUITestsLaunchTests.swift; sourceTree = "<group>"; };
		1B2220AE283776B800513CB3 /* Network Manager.swift */ = {isa = PBXFileReference; lastKnownFileType = sourcecode.swift; path = "Network Manager.swift"; sourceTree = "<group>"; };
		1B2220B0283785B100513CB3 /* postData.swift */ = {isa = PBXFileReference; lastKnownFileType = sourcecode.swift; path = postData.swift; sourceTree = "<group>"; };
		1B2220B32837A79600513CB3 /* DetailView.swift */ = {isa = PBXFileReference; lastKnownFileType = sourcecode.swift; path = DetailView.swift; sourceTree = "<group>"; };
		1B2220B52837AD6D00513CB3 /* webView.swift */ = {isa = PBXFileReference; lastKnownFileType = sourcecode.swift; path = webView.swift; sourceTree = "<group>"; };
		1B53A63428389FBA007C6B3D /* H4ckerNews.entitlements */ = {isa = PBXFileReference; lastKnownFileType = text.plist.entitlements; path = H4ckerNews.entitlements; sourceTree = "<group>"; };
/* End PBXFileReference section */

/* Begin PBXFrameworksBuildPhase section */
		1B2220782837730D00513CB3 /* Frameworks */ = {
			isa = PBXFrameworksBuildPhase;
			buildActionMask = 2147483647;
			files = (
			);
			runOnlyForDeploymentPostprocessing = 0;
		};
		1B22208D2837730E00513CB3 /* Frameworks */ = {
			isa = PBXFrameworksBuildPhase;
			buildActionMask = 2147483647;
			files = (
			);
			runOnlyForDeploymentPostprocessing = 0;
		};
		1B2220972837730E00513CB3 /* Frameworks */ = {
			isa = PBXFrameworksBuildPhase;
			buildActionMask = 2147483647;
			files = (
			);
			runOnlyForDeploymentPostprocessing = 0;
		};
/* End PBXFrameworksBuildPhase section */

/* Begin PBXGroup section */
		1B2220722837730D00513CB3 = {
			isa = PBXGroup;
			children = (
				1B22207D2837730D00513CB3 /* H4ckerNews */,
				1B2220932837730E00513CB3 /* H4ckerNewsTests */,
				1B22209D2837730E00513CB3 /* H4ckerNewsUITests */,
				1B22207C2837730D00513CB3 /* Products */,
			);
			sourceTree = "<group>";
		};
		1B22207C2837730D00513CB3 /* Products */ = {
			isa = PBXGroup;
			children = (
				1B22207B2837730D00513CB3 /* H4ckerNews.app */,
				1B2220902837730E00513CB3 /* H4ckerNewsTests.xctest */,
				1B22209A2837730E00513CB3 /* H4ckerNewsUITests.xctest */,
			);
			name = Products;
			sourceTree = "<group>";
		};
		1B22207D2837730D00513CB3 /* H4ckerNews */ = {
			isa = PBXGroup;
			children = (
				1B53A63428389FBA007C6B3D /* H4ckerNews.entitlements */,
				1B2220AD2837769800513CB3 /* Model */,
				1B22207E2837730D00513CB3 /* H4ckerNewsApp.swift */,
				1B2220B22837A77C00513CB3 /* Views */,
				1B2220822837730E00513CB3 /* Assets.xcassets */,
				1B2220872837730E00513CB3 /* Persistence.swift */,
				1B2220892837730E00513CB3 /* H4ckerNews.xcdatamodeld */,
				1B2220842837730E00513CB3 /* Preview Content */,
			);
			path = H4ckerNews;
			sourceTree = "<group>";
		};
		1B2220842837730E00513CB3 /* Preview Content */ = {
			isa = PBXGroup;
			children = (
				1B2220852837730E00513CB3 /* Preview Assets.xcassets */,
			);
			path = "Preview Content";
			sourceTree = "<group>";
		};
		1B2220932837730E00513CB3 /* H4ckerNewsTests */ = {
			isa = PBXGroup;
			children = (
				1B2220942837730E00513CB3 /* H4ckerNewsTests.swift */,
			);
			path = H4ckerNewsTests;
			sourceTree = "<group>";
		};
		1B22209D2837730E00513CB3 /* H4ckerNewsUITests */ = {
			isa = PBXGroup;
			children = (
				1B22209E2837730E00513CB3 /* H4ckerNewsUITests.swift */,
				1B2220A02837730E00513CB3 /* H4ckerNewsUITestsLaunchTests.swift */,
			);
			path = H4ckerNewsUITests;
			sourceTree = "<group>";
		};
		1B2220AD2837769800513CB3 /* Model */ = {
			isa = PBXGroup;
			children = (
				1B2220AE283776B800513CB3 /* Network Manager.swift */,
				1B2220B0283785B100513CB3 /* postData.swift */,
			);
			path = Model;
			sourceTree = "<group>";
		};
		1B2220B22837A77C00513CB3 /* Views */ = {
			isa = PBXGroup;
			children = (
				1B2220802837730D00513CB3 /* ContentView.swift */,
				1B2220B32837A79600513CB3 /* DetailView.swift */,
				1B2220B52837AD6D00513CB3 /* webView.swift */,
			);
			path = Views;
			sourceTree = "<group>";
		};
/* End PBXGroup section */

/* Begin PBXNativeTarget section */
		1B22207A2837730D00513CB3 /* H4ckerNews */ = {
			isa = PBXNativeTarget;
			buildConfigurationList = 1B2220A42837730E00513CB3 /* Build configuration list for PBXNativeTarget "H4ckerNews" */;
			buildPhases = (
				1B2220772837730D00513CB3 /* Sources */,
				1B2220782837730D00513CB3 /* Frameworks */,
				1B2220792837730D00513CB3 /* Resources */,
			);
			buildRules = (
			);
			dependencies = (
			);
			name = H4ckerNews;
			productName = H4ckerNews;
			productReference = 1B22207B2837730D00513CB3 /* H4ckerNews.app */;
			productType = "com.apple.product-type.application";
		};
		1B22208F2837730E00513CB3 /* H4ckerNewsTests */ = {
			isa = PBXNativeTarget;
			buildConfigurationList = 1B2220A72837730E00513CB3 /* Build configuration list for PBXNativeTarget "H4ckerNewsTests" */;
			buildPhases = (
				1B22208C2837730E00513CB3 /* Sources */,
				1B22208D2837730E00513CB3 /* Frameworks */,
				1B22208E2837730E00513CB3 /* Resources */,
			);
			buildRules = (
			);
			dependencies = (
				1B2220922837730E00513CB3 /* PBXTargetDependency */,
			);
			name = H4ckerNewsTests;
			productName = H4ckerNewsTests;
			productReference = 1B2220902837730E00513CB3 /* H4ckerNewsTests.xctest */;
			productType = "com.apple.product-type.bundle.unit-test";
		};
		1B2220992837730E00513CB3 /* H4ckerNewsUITests */ = {
			isa = PBXNativeTarget;
			buildConfigurationList = 1B2220AA2837730E00513CB3 /* Build configuration list for PBXNativeTarget "H4ckerNewsUITests" */;
			buildPhases = (
				1B2220962837730E00513CB3 /* Sources */,
				1B2220972837730E00513CB3 /* Frameworks */,
				1B2220982837730E00513CB3 /* Resources */,
			);
			buildRules = (
			);
			dependencies = (
				1B22209C2837730E00513CB3 /* PBXTargetDependency */,
			);
			name = H4ckerNewsUITests;
			productName = H4ckerNewsUITests;
			productReference = 1B22209A2837730E00513CB3 /* H4ckerNewsUITests.xctest */;
			productType = "com.apple.product-type.bundle.ui-testing";
		};
/* End PBXNativeTarget section */

/* Begin PBXProject section */
		1B2220732837730D00513CB3 /* Project object */ = {
			isa = PBXProject;
			attributes = {
				BuildIndependentTargetsInParallel = 1;
				LastSwiftUpdateCheck = 1330;
				LastUpgradeCheck = 1330;
				TargetAttributes = {
					1B22207A2837730D00513CB3 = {
						CreatedOnToolsVersion = 13.3.1;
					};
					1B22208F2837730E00513CB3 = {
						CreatedOnToolsVersion = 13.3.1;
						TestTargetID = 1B22207A2837730D00513CB3;
					};
					1B2220992837730E00513CB3 = {
						CreatedOnToolsVersion = 13.3.1;
						TestTargetID = 1B22207A2837730D00513CB3;
					};
				};
			};
			buildConfigurationList = 1B2220762837730D00513CB3 /* Build configuration list for PBXProject "H4ckerNews" */;
			compatibilityVersion = "Xcode 13.0";
			developmentRegion = en;
			hasScannedForEncodings = 0;
			knownRegions = (
				en,
				Base,
			);
			mainGroup = 1B2220722837730D00513CB3;
			productRefGroup = 1B22207C2837730D00513CB3 /* Products */;
			projectDirPath = "";
			projectRoot = "";
			targets = (
				1B22207A2837730D00513CB3 /* H4ckerNews */,
				1B22208F2837730E00513CB3 /* H4ckerNewsTests */,
				1B2220992837730E00513CB3 /* H4ckerNewsUITests */,
			);
		};
/* End PBXProject section */

/* Begin PBXResourcesBuildPhase section */
		1B2220792837730D00513CB3 /* Resources */ = {
			isa = PBXResourcesBuildPhase;
			buildActionMask = 2147483647;
			files = (
				1B2220862837730E00513CB3 /* Preview Assets.xcassets in Resources */,
				1B2220832837730E00513CB3 /* Assets.xcassets in Resources */,
			);
			runOnlyForDeploymentPostprocessing = 0;
		};
		1B22208E2837730E00513CB3 /* Resources */ = {
			isa = PBXResourcesBuildPhase;
			buildActionMask = 2147483647;
			files = (
			);
			runOnlyForDeploymentPostprocessing = 0;
		};
		1B2220982837730E00513CB3 /* Resources */ = {
			isa = PBXResourcesBuildPhase;
			buildActionMask = 2147483647;
			files = (
			);
			runOnlyForDeploymentPostprocessing = 0;
		};
/* End PBXResourcesBuildPhase section */

/* Begin PBXSourcesBuildPhase section */
		1B2220772837730D00513CB3 /* Sources */ = {
			isa = PBXSourcesBuildPhase;
			buildActionMask = 2147483647;
			files = (
				1B2220882837730E00513CB3 /* Persistence.swift in Sources */,
				1B2220B62837AD6D00513CB3 /* webView.swift in Sources */,
				1B2220AF283776B800513CB3 /* Network Manager.swift in Sources */,
				1B22208B2837730E00513CB3 /* H4ckerNews.xcdatamodeld in Sources */,
				1B2220B42837A79600513CB3 /* DetailView.swift in Sources */,
				1B2220B1283785B100513CB3 /* postData.swift in Sources */,
				1B2220812837730D00513CB3 /* ContentView.swift in Sources */,
				1B22207F2837730D00513CB3 /* H4ckerNewsApp.swift in Sources */,
			);
			runOnlyForDeploymentPostprocessing = 0;
		};
		1B22208C2837730E00513CB3 /* Sources */ = {
			isa = PBXSourcesBuildPhase;
			buildActionMask = 2147483647;
			files = (
				1B2220952837730E00513CB3 /* H4ckerNewsTests.swift in Sources */,
			);
			runOnlyForDeploymentPostprocessing = 0;
		};
		1B2220962837730E00513CB3 /* Sources */ = {
			isa = PBXSourcesBuildPhase;
			buildActionMask = 2147483647;
			files = (
				1B2220A12837730E00513CB3 /* H4ckerNewsUITestsLaunchTests.swift in Sources */,
				1B22209F2837730E00513CB3 /* H4ckerNewsUITests.swift in Sources */,
			);
			runOnlyForDeploymentPostprocessing = 0;
		};
/* End PBXSourcesBuildPhase section */

/* Begin PBXTargetDependency section */
		1B2220922837730E00513CB3 /* PBXTargetDependency */ = {
			isa = PBXTargetDependency;
			target = 1B22207A2837730D00513CB3 /* H4ckerNews */;
			targetProxy = 1B2220912837730E00513CB3 /* PBXContainerItemProxy */;
		};
		1B22209C2837730E00513CB3 /* PBXTargetDependency */ = {
			isa = PBXTargetDependency;
			target = 1B22207A2837730D00513CB3 /* H4ckerNews */;
			targetProxy = 1B22209B2837730E00513CB3 /* PBXContainerItemProxy */;
		};
/* End PBXTargetDependency section */

/* Begin XCBuildConfiguration section */
		1B2220A22837730E00513CB3 /* Debug */ = {
			isa = XCBuildConfiguration;
			buildSettings = {
				ALWAYS_SEARCH_USER_PATHS = NO;
				CLANG_ANALYZER_NONNULL = YES;
				CLANG_ANALYZER_NUMBER_OBJECT_CONVERSION = YES_AGGRESSIVE;
				CLANG_CXX_LANGUAGE_STANDARD = "gnu++17";
				CLANG_ENABLE_MODULES = YES;
				CLANG_ENABLE_OBJC_ARC = YES;
				CLANG_ENABLE_OBJC_WEAK = YES;
				CLANG_WARN_BLOCK_CAPTURE_AUTORELEASING = YES;
				CLANG_WARN_BOOL_CONVERSION = YES;
				CLANG_WARN_COMMA = YES;
				CLANG_WARN_CONSTANT_CONVERSION = YES;
				CLANG_WARN_DEPRECATED_OBJC_IMPLEMENTATIONS = YES;
				CLANG_WARN_DIRECT_OBJC_ISA_USAGE = YES_ERROR;
				CLANG_WARN_DOCUMENTATION_COMMENTS = YES;
				CLANG_WARN_EMPTY_BODY = YES;
				CLANG_WARN_ENUM_CONVERSION = YES;
				CLANG_WARN_INFINITE_RECURSION = YES;
				CLANG_WARN_INT_CONVERSION = YES;
				CLANG_WARN_NON_LITERAL_NULL_CONVERSION = YES;
				CLANG_WARN_OBJC_IMPLICIT_RETAIN_SELF = YES;
				CLANG_WARN_OBJC_LITERAL_CONVERSION = YES;
				CLANG_WARN_OBJC_ROOT_CLASS = YES_ERROR;
				CLANG_WARN_QUOTED_INCLUDE_IN_FRAMEWORK_HEADER = YES;
				CLANG_WARN_RANGE_LOOP_ANALYSIS = YES;
				CLANG_WARN_STRICT_PROTOTYPES = YES;
				CLANG_WARN_SUSPICIOUS_MOVE = YES;
				CLANG_WARN_UNGUARDED_AVAILABILITY = YES_AGGRESSIVE;
				CLANG_WARN_UNREACHABLE_CODE = YES;
				CLANG_WARN__DUPLICATE_METHOD_MATCH = YES;
				COPY_PHASE_STRIP = NO;
				DEBUG_INFORMATION_FORMAT = dwarf;
				ENABLE_STRICT_OBJC_MSGSEND = YES;
				ENABLE_TESTABILITY = YES;
				GCC_C_LANGUAGE_STANDARD = gnu11;
				GCC_DYNAMIC_NO_PIC = NO;
				GCC_NO_COMMON_BLOCKS = YES;
				GCC_OPTIMIZATION_LEVEL = 0;
				GCC_PREPROCESSOR_DEFINITIONS = (
					"DEBUG=1",
					"$(inherited)",
				);
				GCC_WARN_64_TO_32_BIT_CONVERSION = YES;
				GCC_WARN_ABOUT_RETURN_TYPE = YES_ERROR;
				GCC_WARN_UNDECLARED_SELECTOR = YES;
				GCC_WARN_UNINITIALIZED_AUTOS = YES_AGGRESSIVE;
				GCC_WARN_UNUSED_FUNCTION = YES;
				GCC_WARN_UNUSED_VARIABLE = YES;
				IPHONEOS_DEPLOYMENT_TARGET = 15.4;
				MTL_ENABLE_DEBUG_INFO = INCLUDE_SOURCE;
				MTL_FAST_MATH = YES;
				ONLY_ACTIVE_ARCH = YES;
				SDKROOT = iphoneos;
				SWIFT_ACTIVE_COMPILATION_CONDITIONS = DEBUG;
				SWIFT_OPTIMIZATION_LEVEL = "-Onone";
			};
			name = Debug;
		};
		1B2220A32837730E00513CB3 /* Release */ = {
			isa = XCBuildConfiguration;
			buildSettings = {
				ALWAYS_SEARCH_USER_PATHS = NO;
				CLANG_ANALYZER_NONNULL = YES;
				CLANG_ANALYZER_NUMBER_OBJECT_CONVERSION = YES_AGGRESSIVE;
				CLANG_CXX_LANGUAGE_STANDARD = "gnu++17";
				CLANG_ENABLE_MODULES = YES;
				CLANG_ENABLE_OBJC_ARC = YES;
				CLANG_ENABLE_OBJC_WEAK = YES;
				CLANG_WARN_BLOCK_CAPTURE_AUTORELEASING = YES;
				CLANG_WARN_BOOL_CONVERSION = YES;
				CLANG_WARN_COMMA = YES;
				CLANG_WARN_CONSTANT_CONVERSION = YES;
				CLANG_WARN_DEPRECATED_OBJC_IMPLEMENTATIONS = YES;
				CLANG_WARN_DIRECT_OBJC_ISA_USAGE = YES_ERROR;
				CLANG_WARN_DOCUMENTATION_COMMENTS = YES;
				CLANG_WARN_EMPTY_BODY = YES;
				CLANG_WARN_ENUM_CONVERSION = YES;
				CLANG_WARN_INFINITE_RECURSION = YES;
				CLANG_WARN_INT_CONVERSION = YES;
				CLANG_WARN_NON_LITERAL_NULL_CONVERSION = YES;
				CLANG_WARN_OBJC_IMPLICIT_RETAIN_SELF = YES;
				CLANG_WARN_OBJC_LITERAL_CONVERSION = YES;
				CLANG_WARN_OBJC_ROOT_CLASS = YES_ERROR;
				CLANG_WARN_QUOTED_INCLUDE_IN_FRAMEWORK_HEADER = YES;
				CLANG_WARN_RANGE_LOOP_ANALYSIS = YES;
				CLANG_WARN_STRICT_PROTOTYPES = YES;
				CLANG_WARN_SUSPICIOUS_MOVE = YES;
				CLANG_WARN_UNGUARDED_AVAILABILITY = YES_AGGRESSIVE;
				CLANG_WARN_UNREACHABLE_CODE = YES;
				CLANG_WARN__DUPLICATE_METHOD_MATCH = YES;
				COPY_PHASE_STRIP = NO;
				DEBUG_INFORMATION_FORMAT = "dwarf-with-dsym";
				ENABLE_NS_ASSERTIONS = NO;
				ENABLE_STRICT_OBJC_MSGSEND = YES;
				GCC_C_LANGUAGE_STANDARD = gnu11;
				GCC_NO_COMMON_BLOCKS = YES;
				GCC_WARN_64_TO_32_BIT_CONVERSION = YES;
				GCC_WARN_ABOUT_RETURN_TYPE = YES_ERROR;
				GCC_WARN_UNDECLARED_SELECTOR = YES;
				GCC_WARN_UNINITIALIZED_AUTOS = YES_AGGRESSIVE;
				GCC_WARN_UNUSED_FUNCTION = YES;
				GCC_WARN_UNUSED_VARIABLE = YES;
				IPHONEOS_DEPLOYMENT_TARGET = 15.4;
				MTL_ENABLE_DEBUG_INFO = NO;
				MTL_FAST_MATH = YES;
				SDKROOT = iphoneos;
				SWIFT_COMPILATION_MODE = wholemodule;
				SWIFT_OPTIMIZATION_LEVEL = "-O";
				VALIDATE_PRODUCT = YES;
			};
			name = Release;
		};
		1B2220A52837730E00513CB3 /* Debug */ = {
			isa = XCBuildConfiguration;
			buildSettings = {
				ASSETCATALOG_COMPILER_APPICON_NAME = AppIcon;
				ASSETCATALOG_COMPILER_GLOBAL_ACCENT_COLOR_NAME = AccentColor;
				CODE_SIGN_ENTITLEMENTS = H4ckerNews/H4ckerNews.entitlements;
				CODE_SIGN_STYLE = Automatic;
				CURRENT_PROJECT_VERSION = 1;
				DEVELOPMENT_ASSET_PATHS = "\"H4ckerNews/Preview Content\"";
				DEVELOPMENT_TEAM = S246B657UX;
				ENABLE_PREVIEWS = YES;
				GENERATE_INFOPLIST_FILE = YES;
				INFOPLIST_KEY_UIApplicationSceneManifest_Generation = YES;
				INFOPLIST_KEY_UIApplicationSupportsIndirectInputEvents = YES;
				INFOPLIST_KEY_UILaunchScreen_Generation = YES;
				INFOPLIST_KEY_UISupportedInterfaceOrientations_iPad = "UIInterfaceOrientationPortrait UIInterfaceOrientationPortraitUpsideDown UIInterfaceOrientationLandscapeLeft UIInterfaceOrientationLandscapeRight";
				INFOPLIST_KEY_UISupportedInterfaceOrientations_iPhone = "UIInterfaceOrientationPortrait UIInterfaceOrientationLandscapeLeft UIInterfaceOrientationLandscapeRight";
				LD_RUNPATH_SEARCH_PATHS = (
					"$(inherited)",
					"@executable_path/Frameworks",
				);
				MARKETING_VERSION = 1.0;
				PRODUCT_BUNDLE_IDENTIFIER = com.H4ckerNews;
				PRODUCT_NAME = "$(TARGET_NAME)";
				SUPPORTS_MACCATALYST = YES;
				SWIFT_EMIT_LOC_STRINGS = YES;
				SWIFT_VERSION = 5.0;
				TARGETED_DEVICE_FAMILY = "1,2,6";
			};
			name = Debug;
		};
		1B2220A62837730E00513CB3 /* Release */ = {
			isa = XCBuildConfiguration;
			buildSettings = {
				ASSETCATALOG_COMPILER_APPICON_NAME = AppIcon;
				ASSETCATALOG_COMPILER_GLOBAL_ACCENT_COLOR_NAME = AccentColor;
				CODE_SIGN_ENTITLEMENTS = H4ckerNews/H4ckerNews.entitlements;
				CODE_SIGN_STYLE = Automatic;
				CURRENT_PROJECT_VERSION = 1;
				DEVELOPMENT_ASSET_PATHS = "\"H4ckerNews/Preview Content\"";
				DEVELOPMENT_TEAM = S246B657UX;
				ENABLE_PREVIEWS = YES;
				GENERATE_INFOPLIST_FILE = YES;
				INFOPLIST_KEY_UIApplicationSceneManifest_Generation = YES;
				INFOPLIST_KEY_UIApplicationSupportsIndirectInputEvents = YES;
				INFOPLIST_KEY_UILaunchScreen_Generation = YES;
				INFOPLIST_KEY_UISupportedInterfaceOrientations_iPad = "UIInterfaceOrientationPortrait UIInterfaceOrientationPortraitUpsideDown UIInterfaceOrientationLandscapeLeft UIInterfaceOrientationLandscapeRight";
				INFOPLIST_KEY_UISupportedInterfaceOrientations_iPhone = "UIInterfaceOrientationPortrait UIInterfaceOrientationLandscapeLeft UIInterfaceOrientationLandscapeRight";
				LD_RUNPATH_SEARCH_PATHS = (
					"$(inherited)",
					"@executable_path/Frameworks",
				);
				MARKETING_VERSION = 1.0;
				PRODUCT_BUNDLE_IDENTIFIER = com.H4ckerNews;
				PRODUCT_NAME = "$(TARGET_NAME)";
				SUPPORTS_MACCATALYST = YES;
				SWIFT_EMIT_LOC_STRINGS = YES;
				SWIFT_VERSION = 5.0;
				TARGETED_DEVICE_FAMILY = "1,2,6";
			};
			name = Release;
		};
		1B2220A82837730E00513CB3 /* Debug */ = {
			isa = XCBuildConfiguration;
			buildSettings = {
				ALWAYS_EMBED_SWIFT_STANDARD_LIBRARIES = YES;
				BUNDLE_LOADER = "$(TEST_HOST)";
				CODE_SIGN_STYLE = Automatic;
				CURRENT_PROJECT_VERSION = 1;
				DEVELOPMENT_TEAM = S246B657UX;
				GENERATE_INFOPLIST_FILE = YES;
				IPHONEOS_DEPLOYMENT_TARGET = 15.4;
				MARKETING_VERSION = 1.0;
				PRODUCT_BUNDLE_IDENTIFIER = com.H4ckerNewsTests;
				PRODUCT_NAME = "$(TARGET_NAME)";
				SWIFT_EMIT_LOC_STRINGS = NO;
				SWIFT_VERSION = 5.0;
				TARGETED_DEVICE_FAMILY = "1,2";
				TEST_HOST = "$(BUILT_PRODUCTS_DIR)/H4ckerNews.app/H4ckerNews";
			};
			name = Debug;
		};
		1B2220A92837730E00513CB3 /* Release */ = {
			isa = XCBuildConfiguration;
			buildSettings = {
				ALWAYS_EMBED_SWIFT_STANDARD_LIBRARIES = YES;
				BUNDLE_LOADER = "$(TEST_HOST)";
				CODE_SIGN_STYLE = Automatic;
				CURRENT_PROJECT_VERSION = 1;
				DEVELOPMENT_TEAM = S246B657UX;
				GENERATE_INFOPLIST_FILE = YES;
				IPHONEOS_DEPLOYMENT_TARGET = 15.4;
				MARKETING_VERSION = 1.0;
				PRODUCT_BUNDLE_IDENTIFIER = com.H4ckerNewsTests;
				PRODUCT_NAME = "$(TARGET_NAME)";
				SWIFT_EMIT_LOC_STRINGS = NO;
				SWIFT_VERSION = 5.0;
				TARGETED_DEVICE_FAMILY = "1,2";
				TEST_HOST = "$(BUILT_PRODUCTS_DIR)/H4ckerNews.app/H4ckerNews";
			};
			name = Release;
		};
		1B2220AB2837730E00513CB3 /* Debug */ = {
			isa = XCBuildConfiguration;
			buildSettings = {
				ALWAYS_EMBED_SWIFT_STANDARD_LIBRARIES = YES;
				CODE_SIGN_STYLE = Automatic;
				CURRENT_PROJECT_VERSION = 1;
				DEVELOPMENT_TEAM = S246B657UX;
				GENERATE_INFOPLIST_FILE = YES;
				MARKETING_VERSION = 1.0;
				PRODUCT_BUNDLE_IDENTIFIER = com.H4ckerNewsUITests;
				PRODUCT_NAME = "$(TARGET_NAME)";
				SWIFT_EMIT_LOC_STRINGS = NO;
				SWIFT_VERSION = 5.0;
				TARGETED_DEVICE_FAMILY = "1,2";
				TEST_TARGET_NAME = H4ckerNews;
			};
			name = Debug;
		};
		1B2220AC2837730E00513CB3 /* Release */ = {
			isa = XCBuildConfiguration;
			buildSettings = {
				ALWAYS_EMBED_SWIFT_STANDARD_LIBRARIES = YES;
				CODE_SIGN_STYLE = Automatic;
				CURRENT_PROJECT_VERSION = 1;
				DEVELOPMENT_TEAM = S246B657UX;
				GENERATE_INFOPLIST_FILE = YES;
				MARKETING_VERSION = 1.0;
				PRODUCT_BUNDLE_IDENTIFIER = com.H4ckerNewsUITests;
				PRODUCT_NAME = "$(TARGET_NAME)";
				SWIFT_EMIT_LOC_STRINGS = NO;
				SWIFT_VERSION = 5.0;
				TARGETED_DEVICE_FAMILY = "1,2";
				TEST_TARGET_NAME = H4ckerNews;
			};
			name = Release;
		};
/* End XCBuildConfiguration section */

/* Begin XCConfigurationList section */
		1B2220762837730D00513CB3 /* Build configuration list for PBXProject "H4ckerNews" */ = {
			isa = XCConfigurationList;
			buildConfigurations = (
				1B2220A22837730E00513CB3 /* Debug */,
				1B2220A32837730E00513CB3 /* Release */,
			);
			defaultConfigurationIsVisible = 0;
			defaultConfigurationName = Release;
		};
		1B2220A42837730E00513CB3 /* Build configuration list for PBXNativeTarget "H4ckerNews" */ = {
			isa = XCConfigurationList;
			buildConfigurations = (
				1B2220A52837730E00513CB3 /* Debug */,
				1B2220A62837730E00513CB3 /* Release */,
			);
			defaultConfigurationIsVisible = 0;
			defaultConfigurationName = Release;
		};
		1B2220A72837730E00513CB3 /* Build configuration list for PBXNativeTarget "H4ckerNewsTests" */ = {
			isa = XCConfigurationList;
			buildConfigurations = (
				1B2220A82837730E00513CB3 /* Debug */,
				1B2220A92837730E00513CB3 /* Release */,
			);
			defaultConfigurationIsVisible = 0;
			defaultConfigurationName = Release;
		};
		1B2220AA2837730E00513CB3 /* Build configuration list for PBXNativeTarget "H4ckerNewsUITests" */ = {
			isa = XCConfigurationList;
			buildConfigurations = (
				1B2220AB2837730E00513CB3 /* Debug */,
				1B2220AC2837730E00513CB3 /* Release */,
			);
			defaultConfigurationIsVisible = 0;
			defaultConfigurationName = Release;
		};
/* End XCConfigurationList section */

/* Begin XCVersionGroup section */
		1B2220892837730E00513CB3 /* H4ckerNews.xcdatamodeld */ = {
			isa = XCVersionGroup;
			children = (
				1B22208A2837730E00513CB3 /* H4ckerNews.xcdatamodel */,
			);
			currentVersion = 1B22208A2837730E00513CB3 /* H4ckerNews.xcdatamodel */;
			path = H4ckerNews.xcdatamodeld;
			sourceTree = "<group>";
			versionGroupType = wrapper.xcdatamodel;
		};
/* End XCVersionGroup section */
	};
	rootObject = 1B2220732837730D00513CB3 /* Project object */;
}
